
Microsoft Visual Studio Solution File, Format Version 12.00
# Visual Studio Version 17
VisualStudioVersion = 17.14.36408.4 d17.14
MinimumVisualStudioVersion = 10.0.40219.1
Project("{FAE04EC0-301F-11D3-BF4B-00C04F79EFBC}") = "ManageLibrary", "ManageLibrary\ManageLibrary.csproj", "{BDB3482F-E09F-4321-8C18-F9CE2DAFB9C6}"
EndProject
Global
	GlobalSection(SolutionConfigurationPlatforms) = preSolution
		Debug|Any CPU = Debug|Any CPU
		Release|Any CPU = Release|Any CPU
	EndGlobalSection
	GlobalSection(ProjectConfigurationPlatforms) = postSolution
		{BDB3482F-E09F-4321-8C18-F9CE2DAFB9C6}.Debug|Any CPU.ActiveCfg = Debug|Any CPU
		{BDB3482F-E09F-4321-8C18-F9CE2DAFB9C6}.Debug|Any CPU.Build.0 = Debug|Any CPU
		{BDB3482F-E09F-4321-8C18-F9CE2DAFB9C6}.Release|Any CPU.ActiveCfg = Release|Any CPU
		{BDB3482F-E09F-4321-8C18-F9CE2DAFB9C6}.Release|Any CPU.Build.0 = Release|Any CPU
	EndGlobalSection
	GlobalSection(SolutionProperties) = preSolution
		HideSolutionNode = FALSE
	EndGlobalSection
	GlobalSection(ExtensibilityGlobals) = postSolution
		SolutionGuid = {3A241389-051E-459B-A621-5A82A0F461AB}
	EndGlobalSection
EndGlobal
